// !$*UTF8*$!
{
	archiveVersion = 1;
	classes = {
	};
	objectVersion = 46;
	objects = {

/* Begin PBXBuildFile section */
		317642231BD3CC92000162FB /* QuanJingSDK.h in Headers */ = {isa = PBXBuildFile; fileRef = 317642221BD3CC92000162FB /* QuanJingSDK.h */; settings = {ATTRIBUTES = (Public, ); }; };
		3176422A1BD3CC92000162FB /* QuanJingSDK.framework in Frameworks */ = {isa = PBXBuildFile; fileRef = 3176421F1BD3CC92000162FB /* QuanJingSDK.framework */; settings = {ASSET_TAGS = (); }; };
		3176422F1BD3CC92000162FB /* QuanJingSDKTests.m in Sources */ = {isa = PBXBuildFile; fileRef = 3176422E1BD3CC92000162FB /* QuanJingSDKTests.m */; };
		3176424F1BD3D96E000162FB /* AFHTTPRequestOperation.h in Headers */ = {isa = PBXBuildFile; fileRef = 3176423C1BD3D96E000162FB /* AFHTTPRequestOperation.h */; settings = {ASSET_TAGS = (); }; };
		317642501BD3D96E000162FB /* AFHTTPRequestOperation.m in Sources */ = {isa = PBXBuildFile; fileRef = 3176423D1BD3D96E000162FB /* AFHTTPRequestOperation.m */; settings = {ASSET_TAGS = (); }; };
		317642511BD3D96E000162FB /* AFHTTPRequestOperationManager.h in Headers */ = {isa = PBXBuildFile; fileRef = 3176423E1BD3D96E000162FB /* AFHTTPRequestOperationManager.h */; settings = {ASSET_TAGS = (); }; };
		317642521BD3D96E000162FB /* AFHTTPRequestOperationManager.m in Sources */ = {isa = PBXBuildFile; fileRef = 3176423F1BD3D96E000162FB /* AFHTTPRequestOperationManager.m */; settings = {ASSET_TAGS = (); }; };
		317642531BD3D96E000162FB /* AFHTTPSessionManager.h in Headers */ = {isa = PBXBuildFile; fileRef = 317642401BD3D96E000162FB /* AFHTTPSessionManager.h */; settings = {ASSET_TAGS = (); }; };
		317642541BD3D96E000162FB /* AFHTTPSessionManager.m in Sources */ = {isa = PBXBuildFile; fileRef = 317642411BD3D96E000162FB /* AFHTTPSessionManager.m */; settings = {ASSET_TAGS = (); }; };
		317642551BD3D96E000162FB /* AFNetworking.h in Headers */ = {isa = PBXBuildFile; fileRef = 317642421BD3D96E000162FB /* AFNetworking.h */; settings = {ASSET_TAGS = (); }; };
		317642561BD3D96E000162FB /* AFNetworkReachabilityManager.h in Headers */ = {isa = PBXBuildFile; fileRef = 317642431BD3D96E000162FB /* AFNetworkReachabilityManager.h */; settings = {ASSET_TAGS = (); }; };
		317642571BD3D96E000162FB /* AFNetworkReachabilityManager.m in Sources */ = {isa = PBXBuildFile; fileRef = 317642441BD3D96E000162FB /* AFNetworkReachabilityManager.m */; settings = {ASSET_TAGS = (); }; };
		317642581BD3D96E000162FB /* AFSecurityPolicy.h in Headers */ = {isa = PBXBuildFile; fileRef = 317642451BD3D96E000162FB /* AFSecurityPolicy.h */; settings = {ASSET_TAGS = (); }; };
		317642591BD3D96E000162FB /* AFSecurityPolicy.m in Sources */ = {isa = PBXBuildFile; fileRef = 317642461BD3D96E000162FB /* AFSecurityPolicy.m */; settings = {ASSET_TAGS = (); }; };
		3176425A1BD3D96E000162FB /* AFURLConnectionOperation.h in Headers */ = {isa = PBXBuildFile; fileRef = 317642471BD3D96E000162FB /* AFURLConnectionOperation.h */; settings = {ASSET_TAGS = (); }; };
		3176425B1BD3D96E000162FB /* AFURLConnectionOperation.m in Sources */ = {isa = PBXBuildFile; fileRef = 317642481BD3D96E000162FB /* AFURLConnectionOperation.m */; settings = {ASSET_TAGS = (); }; };
		3176425C1BD3D96E000162FB /* AFURLRequestSerialization.h in Headers */ = {isa = PBXBuildFile; fileRef = 317642491BD3D96E000162FB /* AFURLRequestSerialization.h */; settings = {ASSET_TAGS = (); }; };
		3176425D1BD3D96E000162FB /* AFURLRequestSerialization.m in Sources */ = {isa = PBXBuildFile; fileRef = 3176424A1BD3D96E000162FB /* AFURLRequestSerialization.m */; settings = {ASSET_TAGS = (); }; };
		3176425E1BD3D96E000162FB /* AFURLResponseSerialization.h in Headers */ = {isa = PBXBuildFile; fileRef = 3176424B1BD3D96E000162FB /* AFURLResponseSerialization.h */; settings = {ASSET_TAGS = (); }; };
		3176425F1BD3D96E000162FB /* AFURLResponseSerialization.m in Sources */ = {isa = PBXBuildFile; fileRef = 3176424C1BD3D96E000162FB /* AFURLResponseSerialization.m */; settings = {ASSET_TAGS = (); }; };
		317642601BD3D96E000162FB /* AFURLSessionManager.h in Headers */ = {isa = PBXBuildFile; fileRef = 3176424D1BD3D96E000162FB /* AFURLSessionManager.h */; settings = {ASSET_TAGS = (); }; };
		317642611BD3D96E000162FB /* AFURLSessionManager.m in Sources */ = {isa = PBXBuildFile; fileRef = 3176424E1BD3D96E000162FB /* AFURLSessionManager.m */; settings = {ASSET_TAGS = (); }; };
		317642671BD3DA5A000162FB /* QJInterfaceManager.h in Headers */ = {isa = PBXBuildFile; fileRef = 317642651BD3DA5A000162FB /* QJInterfaceManager.h */; settings = {ATTRIBUTES = (Public, ); }; };
		317642681BD3DA5A000162FB /* QJInterfaceManager.m in Sources */ = {isa = PBXBuildFile; fileRef = 317642661BD3DA5A000162FB /* QJInterfaceManager.m */; settings = {ASSET_TAGS = (); }; };
		31C91F971BD4BBCB00DFC3C0 /* QJCoreMacros.h in Headers */ = {isa = PBXBuildFile; fileRef = 31C91F961BD4B72600DFC3C0 /* QJCoreMacros.h */; };
		31C91F991BD4BF4900DFC3C0 /* QJErrorCode.h in Headers */ = {isa = PBXBuildFile; fileRef = 31C91F981BD4BF4900DFC3C0 /* QJErrorCode.h */; settings = {ATTRIBUTES = (Public, ); }; };
		31C91F9D1BD4BF6000DFC3C0 /* QJErrorCode.m in Sources */ = {isa = PBXBuildFile; fileRef = 31C91F9B1BD4BF6000DFC3C0 /* QJErrorCode.m */; settings = {ASSET_TAGS = (); }; };
		31C91FA01BD4C6E600DFC3C0 /* QJHomeIndexObject.h in Headers */ = {isa = PBXBuildFile; fileRef = 31C91F9E1BD4C6E600DFC3C0 /* QJHomeIndexObject.h */; settings = {ATTRIBUTES = (Public, ); }; };
		31C91FA11BD4C6E600DFC3C0 /* QJHomeIndexObject.m in Sources */ = {isa = PBXBuildFile; fileRef = 31C91F9F1BD4C6E600DFC3C0 /* QJHomeIndexObject.m */; settings = {ASSET_TAGS = (); }; };
		31C91FA51BD4D5B000DFC3C0 /* UIDevice-Hardware.h in Headers */ = {isa = PBXBuildFile; fileRef = 31C91FA31BD4D5B000DFC3C0 /* UIDevice-Hardware.h */; settings = {ASSET_TAGS = (); }; };
		31C91FA61BD4D5B000DFC3C0 /* UIDevice-Hardware.m in Sources */ = {isa = PBXBuildFile; fileRef = 31C91FA41BD4D5B000DFC3C0 /* UIDevice-Hardware.m */; settings = {ASSET_TAGS = (); }; };
		31C91FAE1BD4E83A00DFC3C0 /* QJUser.h in Headers */ = {isa = PBXBuildFile; fileRef = 31C91FAC1BD4E83A00DFC3C0 /* QJUser.h */; settings = {ATTRIBUTES = (Public, ); }; };
		31C91FAF1BD4E83A00DFC3C0 /* QJUser.m in Sources */ = {isa = PBXBuildFile; fileRef = 31C91FAD1BD4E83A00DFC3C0 /* QJUser.m */; settings = {ASSET_TAGS = (); }; };
		31C91FB21BD5123500DFC3C0 /* QJImageObject.h in Headers */ = {isa = PBXBuildFile; fileRef = 31C91FB01BD5123500DFC3C0 /* QJImageObject.h */; settings = {ATTRIBUTES = (Public, ); }; };
		31C91FB31BD5123500DFC3C0 /* QJImageObject.m in Sources */ = {isa = PBXBuildFile; fileRef = 31C91FB11BD5123500DFC3C0 /* QJImageObject.m */; settings = {ASSET_TAGS = (); }; };
		31C91FB61BD518F300DFC3C0 /* QJImageCategory.h in Headers */ = {isa = PBXBuildFile; fileRef = 31C91FB41BD518F300DFC3C0 /* QJImageCategory.h */; settings = {ATTRIBUTES = (Public, ); }; };
		31C91FB71BD518F300DFC3C0 /* QJImageCategory.m in Sources */ = {isa = PBXBuildFile; fileRef = 31C91FB51BD518F300DFC3C0 /* QJImageCategory.m */; settings = {ASSET_TAGS = (); }; };
		31C91FBA1BD5C61700DFC3C0 /* QJPassport.h in Headers */ = {isa = PBXBuildFile; fileRef = 31C91FB81BD5C61700DFC3C0 /* QJPassport.h */; settings = {ATTRIBUTES = (Public, ); }; };
		31C91FBB1BD5C61700DFC3C0 /* QJPassport.m in Sources */ = {isa = PBXBuildFile; fileRef = 31C91FB91BD5C61700DFC3C0 /* QJPassport.m */; settings = {ASSET_TAGS = (); }; };
		31C91FBD1BD5C6B500DFC3C0 /* QJServerConstants.h in Headers */ = {isa = PBXBuildFile; fileRef = 31C91FBC1BD5C6B500DFC3C0 /* QJServerConstants.h */; settings = {ASSET_TAGS = (); }; };
		31C91FC01BD5C96600DFC3C0 /* QJHTTPManager.h in Headers */ = {isa = PBXBuildFile; fileRef = 31C91FBE1BD5C96600DFC3C0 /* QJHTTPManager.h */; settings = {ASSET_TAGS = (); }; };
		31C91FC11BD5C96600DFC3C0 /* QJHTTPManager.m in Sources */ = {isa = PBXBuildFile; fileRef = 31C91FBF1BD5C96600DFC3C0 /* QJHTTPManager.m */; settings = {ASSET_TAGS = (); }; };
		31C91FC51BD5CBC700DFC3C0 /* QJUtils.h in Headers */ = {isa = PBXBuildFile; fileRef = 31C91FC31BD5CBC700DFC3C0 /* QJUtils.h */; settings = {ASSET_TAGS = (); }; };
		31C91FC61BD5CBC700DFC3C0 /* QJUtils.m in Sources */ = {isa = PBXBuildFile; fileRef = 31C91FC41BD5CBC700DFC3C0 /* QJUtils.m */; settings = {ASSET_TAGS = (); }; };
/* End PBXBuildFile section */

/* Begin PBXContainerItemProxy section */
		3176422B1BD3CC92000162FB /* PBXContainerItemProxy */ = {
			isa = PBXContainerItemProxy;
			containerPortal = 317642161BD3CC92000162FB /* Project object */;
			proxyType = 1;
			remoteGlobalIDString = 3176421E1BD3CC92000162FB;
			remoteInfo = QuanJingSDK;
		};
/* End PBXContainerItemProxy section */

/* Begin PBXFileReference section */
		3176421F1BD3CC92000162FB /* QuanJingSDK.framework */ = {isa = PBXFileReference; explicitFileType = wrapper.framework; includeInIndex = 0; path = QuanJingSDK.framework; sourceTree = BUILT_PRODUCTS_DIR; };
		317642221BD3CC92000162FB /* QuanJingSDK.h */ = {isa = PBXFileReference; lastKnownFileType = sourcecode.c.h; path = QuanJingSDK.h; sourceTree = "<group>"; };
		317642241BD3CC92000162FB /* Info.plist */ = {isa = PBXFileReference; lastKnownFileType = text.plist.xml; path = Info.plist; sourceTree = "<group>"; };
		317642291BD3CC92000162FB /* QuanJingSDKTests.xctest */ = {isa = PBXFileReference; explicitFileType = wrapper.cfbundle; includeInIndex = 0; path = QuanJingSDKTests.xctest; sourceTree = BUILT_PRODUCTS_DIR; };
		3176422E1BD3CC92000162FB /* QuanJingSDKTests.m */ = {isa = PBXFileReference; lastKnownFileType = sourcecode.c.objc; path = QuanJingSDKTests.m; sourceTree = "<group>"; };
		317642301BD3CC92000162FB /* Info.plist */ = {isa = PBXFileReference; lastKnownFileType = text.plist.xml; path = Info.plist; sourceTree = "<group>"; };
		3176423C1BD3D96E000162FB /* AFHTTPRequestOperation.h */ = {isa = PBXFileReference; fileEncoding = 4; lastKnownFileType = sourcecode.c.h; path = AFHTTPRequestOperation.h; sourceTree = "<group>"; };
		3176423D1BD3D96E000162FB /* AFHTTPRequestOperation.m */ = {isa = PBXFileReference; fileEncoding = 4; lastKnownFileType = sourcecode.c.objc; path = AFHTTPRequestOperation.m; sourceTree = "<group>"; };
		3176423E1BD3D96E000162FB /* AFHTTPRequestOperationManager.h */ = {isa = PBXFileReference; fileEncoding = 4; lastKnownFileType = sourcecode.c.h; path = AFHTTPRequestOperationManager.h; sourceTree = "<group>"; };
		3176423F1BD3D96E000162FB /* AFHTTPRequestOperationManager.m */ = {isa = PBXFileReference; fileEncoding = 4; lastKnownFileType = sourcecode.c.objc; path = AFHTTPRequestOperationManager.m; sourceTree = "<group>"; };
		317642401BD3D96E000162FB /* AFHTTPSessionManager.h */ = {isa = PBXFileReference; fileEncoding = 4; lastKnownFileType = sourcecode.c.h; path = AFHTTPSessionManager.h; sourceTree = "<group>"; };
		317642411BD3D96E000162FB /* AFHTTPSessionManager.m */ = {isa = PBXFileReference; fileEncoding = 4; lastKnownFileType = sourcecode.c.objc; path = AFHTTPSessionManager.m; sourceTree = "<group>"; };
		317642421BD3D96E000162FB /* AFNetworking.h */ = {isa = PBXFileReference; fileEncoding = 4; lastKnownFileType = sourcecode.c.h; path = AFNetworking.h; sourceTree = "<group>"; };
		317642431BD3D96E000162FB /* AFNetworkReachabilityManager.h */ = {isa = PBXFileReference; fileEncoding = 4; lastKnownFileType = sourcecode.c.h; path = AFNetworkReachabilityManager.h; sourceTree = "<group>"; };
		317642441BD3D96E000162FB /* AFNetworkReachabilityManager.m */ = {isa = PBXFileReference; fileEncoding = 4; lastKnownFileType = sourcecode.c.objc; path = AFNetworkReachabilityManager.m; sourceTree = "<group>"; };
		317642451BD3D96E000162FB /* AFSecurityPolicy.h */ = {isa = PBXFileReference; fileEncoding = 4; lastKnownFileType = sourcecode.c.h; path = AFSecurityPolicy.h; sourceTree = "<group>"; };
		317642461BD3D96E000162FB /* AFSecurityPolicy.m */ = {isa = PBXFileReference; fileEncoding = 4; lastKnownFileType = sourcecode.c.objc; path = AFSecurityPolicy.m; sourceTree = "<group>"; };
		317642471BD3D96E000162FB /* AFURLConnectionOperation.h */ = {isa = PBXFileReference; fileEncoding = 4; lastKnownFileType = sourcecode.c.h; path = AFURLConnectionOperation.h; sourceTree = "<group>"; };
		317642481BD3D96E000162FB /* AFURLConnectionOperation.m */ = {isa = PBXFileReference; fileEncoding = 4; lastKnownFileType = sourcecode.c.objc; path = AFURLConnectionOperation.m; sourceTree = "<group>"; };
		317642491BD3D96E000162FB /* AFURLRequestSerialization.h */ = {isa = PBXFileReference; fileEncoding = 4; lastKnownFileType = sourcecode.c.h; path = AFURLRequestSerialization.h; sourceTree = "<group>"; };
		3176424A1BD3D96E000162FB /* AFURLRequestSerialization.m */ = {isa = PBXFileReference; fileEncoding = 4; lastKnownFileType = sourcecode.c.objc; path = AFURLRequestSerialization.m; sourceTree = "<group>"; };
		3176424B1BD3D96E000162FB /* AFURLResponseSerialization.h */ = {isa = PBXFileReference; fileEncoding = 4; lastKnownFileType = sourcecode.c.h; path = AFURLResponseSerialization.h; sourceTree = "<group>"; };
		3176424C1BD3D96E000162FB /* AFURLResponseSerialization.m */ = {isa = PBXFileReference; fileEncoding = 4; lastKnownFileType = sourcecode.c.objc; path = AFURLResponseSerialization.m; sourceTree = "<group>"; };
		3176424D1BD3D96E000162FB /* AFURLSessionManager.h */ = {isa = PBXFileReference; fileEncoding = 4; lastKnownFileType = sourcecode.c.h; path = AFURLSessionManager.h; sourceTree = "<group>"; };
		3176424E1BD3D96E000162FB /* AFURLSessionManager.m */ = {isa = PBXFileReference; fileEncoding = 4; lastKnownFileType = sourcecode.c.objc; path = AFURLSessionManager.m; sourceTree = "<group>"; };
		317642651BD3DA5A000162FB /* QJInterfaceManager.h */ = {isa = PBXFileReference; fileEncoding = 4; lastKnownFileType = sourcecode.c.h; path = QJInterfaceManager.h; sourceTree = "<group>"; };
		317642661BD3DA5A000162FB /* QJInterfaceManager.m */ = {isa = PBXFileReference; fileEncoding = 4; lastKnownFileType = sourcecode.c.objc; path = QJInterfaceManager.m; sourceTree = "<group>"; };
		31C91F961BD4B72600DFC3C0 /* QJCoreMacros.h */ = {isa = PBXFileReference; lastKnownFileType = sourcecode.c.h; path = QJCoreMacros.h; sourceTree = "<group>"; };
		31C91F981BD4BF4900DFC3C0 /* QJErrorCode.h */ = {isa = PBXFileReference; fileEncoding = 4; lastKnownFileType = sourcecode.c.h; path = QJErrorCode.h; sourceTree = "<group>"; };
		31C91F9B1BD4BF6000DFC3C0 /* QJErrorCode.m */ = {isa = PBXFileReference; fileEncoding = 4; lastKnownFileType = sourcecode.c.objc; path = QJErrorCode.m; sourceTree = "<group>"; };
		31C91F9E1BD4C6E600DFC3C0 /* QJHomeIndexObject.h */ = {isa = PBXFileReference; fileEncoding = 4; lastKnownFileType = sourcecode.c.h; path = QJHomeIndexObject.h; sourceTree = "<group>"; };
		31C91F9F1BD4C6E600DFC3C0 /* QJHomeIndexObject.m */ = {isa = PBXFileReference; fileEncoding = 4; lastKnownFileType = sourcecode.c.objc; path = QJHomeIndexObject.m; sourceTree = "<group>"; };
		31C91FA31BD4D5B000DFC3C0 /* UIDevice-Hardware.h */ = {isa = PBXFileReference; fileEncoding = 4; lastKnownFileType = sourcecode.c.h; path = "UIDevice-Hardware.h"; sourceTree = "<group>"; };
		31C91FA41BD4D5B000DFC3C0 /* UIDevice-Hardware.m */ = {isa = PBXFileReference; fileEncoding = 4; lastKnownFileType = sourcecode.c.objc; path = "UIDevice-Hardware.m"; sourceTree = "<group>"; };
		31C91FAC1BD4E83A00DFC3C0 /* QJUser.h */ = {isa = PBXFileReference; fileEncoding = 4; lastKnownFileType = sourcecode.c.h; path = QJUser.h; sourceTree = "<group>"; };
		31C91FAD1BD4E83A00DFC3C0 /* QJUser.m */ = {isa = PBXFileReference; fileEncoding = 4; lastKnownFileType = sourcecode.c.objc; path = QJUser.m; sourceTree = "<group>"; };
		31C91FB01BD5123500DFC3C0 /* QJImageObject.h */ = {isa = PBXFileReference; fileEncoding = 4; lastKnownFileType = sourcecode.c.h; path = QJImageObject.h; sourceTree = "<group>"; };
		31C91FB11BD5123500DFC3C0 /* QJImageObject.m */ = {isa = PBXFileReference; fileEncoding = 4; lastKnownFileType = sourcecode.c.objc; path = QJImageObject.m; sourceTree = "<group>"; };
		31C91FB41BD518F300DFC3C0 /* QJImageCategory.h */ = {isa = PBXFileReference; fileEncoding = 4; lastKnownFileType = sourcecode.c.h; path = QJImageCategory.h; sourceTree = "<group>"; };
		31C91FB51BD518F300DFC3C0 /* QJImageCategory.m */ = {isa = PBXFileReference; fileEncoding = 4; lastKnownFileType = sourcecode.c.objc; path = QJImageCategory.m; sourceTree = "<group>"; };
		31C91FB81BD5C61700DFC3C0 /* QJPassport.h */ = {isa = PBXFileReference; fileEncoding = 4; lastKnownFileType = sourcecode.c.h; path = QJPassport.h; sourceTree = "<group>"; };
		31C91FB91BD5C61700DFC3C0 /* QJPassport.m */ = {isa = PBXFileReference; fileEncoding = 4; lastKnownFileType = sourcecode.c.objc; path = QJPassport.m; sourceTree = "<group>"; };
		31C91FBC1BD5C6B500DFC3C0 /* QJServerConstants.h */ = {isa = PBXFileReference; fileEncoding = 4; lastKnownFileType = sourcecode.c.h; path = QJServerConstants.h; sourceTree = "<group>"; };
		31C91FBE1BD5C96600DFC3C0 /* QJHTTPManager.h */ = {isa = PBXFileReference; fileEncoding = 4; lastKnownFileType = sourcecode.c.h; path = QJHTTPManager.h; sourceTree = "<group>"; };
		31C91FBF1BD5C96600DFC3C0 /* QJHTTPManager.m */ = {isa = PBXFileReference; fileEncoding = 4; lastKnownFileType = sourcecode.c.objc; path = QJHTTPManager.m; sourceTree = "<group>"; };
		31C91FC31BD5CBC700DFC3C0 /* QJUtils.h */ = {isa = PBXFileReference; fileEncoding = 4; lastKnownFileType = sourcecode.c.h; path = QJUtils.h; sourceTree = "<group>"; };
		31C91FC41BD5CBC700DFC3C0 /* QJUtils.m */ = {isa = PBXFileReference; fileEncoding = 4; lastKnownFileType = sourcecode.c.objc; path = QJUtils.m; sourceTree = "<group>"; };
/* End PBXFileReference section */

/* Begin PBXFrameworksBuildPhase section */
		3176421B1BD3CC92000162FB /* Frameworks */ = {
			isa = PBXFrameworksBuildPhase;
			buildActionMask = 2147483647;
			files = (
			);
			runOnlyForDeploymentPostprocessing = 0;
		};
		317642261BD3CC92000162FB /* Frameworks */ = {
			isa = PBXFrameworksBuildPhase;
			buildActionMask = 2147483647;
			files = (
				3176422A1BD3CC92000162FB /* QuanJingSDK.framework in Frameworks */,
			);
			runOnlyForDeploymentPostprocessing = 0;
		};
/* End PBXFrameworksBuildPhase section */

/* Begin PBXGroup section */
		317642151BD3CC92000162FB = {
			isa = PBXGroup;
			children = (
				317642211BD3CC92000162FB /* QuanJingSDK */,
				3176422D1BD3CC92000162FB /* QuanJingSDKTests */,
				317642201BD3CC92000162FB /* Products */,
			);
			sourceTree = "<group>";
		};
		317642201BD3CC92000162FB /* Products */ = {
			isa = PBXGroup;
			children = (
				3176421F1BD3CC92000162FB /* QuanJingSDK.framework */,
				317642291BD3CC92000162FB /* QuanJingSDKTests.xctest */,
			);
			name = Products;
			sourceTree = "<group>";
		};
		317642211BD3CC92000162FB /* QuanJingSDK */ = {
			isa = PBXGroup;
			children = (
				317642221BD3CC92000162FB /* QuanJingSDK.h */,
				3176423B1BD3D96E000162FB /* AFNetworking */,
				31C91F951BD4B60300DFC3C0 /* common */,
				31C91FA21BD4D5B000DFC3C0 /* device */,
				317642631BD3D9BF000162FB /* manager */,
				317642641BD3D9C8000162FB /* model */,
				31C91FC21BD5CBB700DFC3C0 /* utils */,
				317642241BD3CC92000162FB /* Info.plist */,
			);
			path = QuanJingSDK;
			sourceTree = "<group>";
		};
		3176422D1BD3CC92000162FB /* QuanJingSDKTests */ = {
			isa = PBXGroup;
			children = (
				3176422E1BD3CC92000162FB /* QuanJingSDKTests.m */,
				317642301BD3CC92000162FB /* Info.plist */,
			);
			path = QuanJingSDKTests;
			sourceTree = "<group>";
		};
		3176423B1BD3D96E000162FB /* AFNetworking */ = {
			isa = PBXGroup;
			children = (
				3176423C1BD3D96E000162FB /* AFHTTPRequestOperation.h */,
				3176423D1BD3D96E000162FB /* AFHTTPRequestOperation.m */,
				3176423E1BD3D96E000162FB /* AFHTTPRequestOperationManager.h */,
				3176423F1BD3D96E000162FB /* AFHTTPRequestOperationManager.m */,
				317642401BD3D96E000162FB /* AFHTTPSessionManager.h */,
				317642411BD3D96E000162FB /* AFHTTPSessionManager.m */,
				317642421BD3D96E000162FB /* AFNetworking.h */,
				317642431BD3D96E000162FB /* AFNetworkReachabilityManager.h */,
				317642441BD3D96E000162FB /* AFNetworkReachabilityManager.m */,
				317642451BD3D96E000162FB /* AFSecurityPolicy.h */,
				317642461BD3D96E000162FB /* AFSecurityPolicy.m */,
				317642471BD3D96E000162FB /* AFURLConnectionOperation.h */,
				317642481BD3D96E000162FB /* AFURLConnectionOperation.m */,
				317642491BD3D96E000162FB /* AFURLRequestSerialization.h */,
				3176424A1BD3D96E000162FB /* AFURLRequestSerialization.m */,
				3176424B1BD3D96E000162FB /* AFURLResponseSerialization.h */,
				3176424C1BD3D96E000162FB /* AFURLResponseSerialization.m */,
				3176424D1BD3D96E000162FB /* AFURLSessionManager.h */,
				3176424E1BD3D96E000162FB /* AFURLSessionManager.m */,
			);
			path = AFNetworking;
			sourceTree = "<group>";
		};
		317642631BD3D9BF000162FB /* manager */ = {
			isa = PBXGroup;
			children = (
				31C91FBE1BD5C96600DFC3C0 /* QJHTTPManager.h */,
				31C91FBF1BD5C96600DFC3C0 /* QJHTTPManager.m */,
				317642651BD3DA5A000162FB /* QJInterfaceManager.h */,
				317642661BD3DA5A000162FB /* QJInterfaceManager.m */,
				31C91FB81BD5C61700DFC3C0 /* QJPassport.h */,
				31C91FB91BD5C61700DFC3C0 /* QJPassport.m */,
			);
			path = manager;
			sourceTree = "<group>";
		};
		317642641BD3D9C8000162FB /* model */ = {
			isa = PBXGroup;
			children = (
				31C91F9E1BD4C6E600DFC3C0 /* QJHomeIndexObject.h */,
				31C91F9F1BD4C6E600DFC3C0 /* QJHomeIndexObject.m */,
				31C91FAC1BD4E83A00DFC3C0 /* QJUser.h */,
				31C91FAD1BD4E83A00DFC3C0 /* QJUser.m */,
				31C91FB01BD5123500DFC3C0 /* QJImageObject.h */,
				31C91FB11BD5123500DFC3C0 /* QJImageObject.m */,
				31C91FB41BD518F300DFC3C0 /* QJImageCategory.h */,
				31C91FB51BD518F300DFC3C0 /* QJImageCategory.m */,
			);
			path = model;
			sourceTree = "<group>";
		};
		31C91F951BD4B60300DFC3C0 /* common */ = {
			isa = PBXGroup;
			children = (
				31C91F961BD4B72600DFC3C0 /* QJCoreMacros.h */,
				31C91F981BD4BF4900DFC3C0 /* QJErrorCode.h */,
				31C91F9B1BD4BF6000DFC3C0 /* QJErrorCode.m */,
				31C91FBC1BD5C6B500DFC3C0 /* QJServerConstants.h */,
			);
			path = common;
			sourceTree = "<group>";
		};
		31C91FA21BD4D5B000DFC3C0 /* device */ = {
			isa = PBXGroup;
			children = (
				31C91FA31BD4D5B000DFC3C0 /* UIDevice-Hardware.h */,
				31C91FA41BD4D5B000DFC3C0 /* UIDevice-Hardware.m */,
			);
			path = device;
			sourceTree = "<group>";
		};
		31C91FC21BD5CBB700DFC3C0 /* utils */ = {
			isa = PBXGroup;
			children = (
				31C91FC31BD5CBC700DFC3C0 /* QJUtils.h */,
				31C91FC41BD5CBC700DFC3C0 /* QJUtils.m */,
			);
			path = utils;
			sourceTree = "<group>";
		};
/* End PBXGroup section */

/* Begin PBXHeadersBuildPhase section */
		3176421C1BD3CC92000162FB /* Headers */ = {
			isa = PBXHeadersBuildPhase;
			buildActionMask = 2147483647;
			files = (
				317642601BD3D96E000162FB /* AFURLSessionManager.h in Headers */,
				317642671BD3DA5A000162FB /* QJInterfaceManager.h in Headers */,
				31C91FAE1BD4E83A00DFC3C0 /* QJUser.h in Headers */,
				31C91FB21BD5123500DFC3C0 /* QJImageObject.h in Headers */,
				31C91FBA1BD5C61700DFC3C0 /* QJPassport.h in Headers */,
				31C91FB61BD518F300DFC3C0 /* QJImageCategory.h in Headers */,
				31C91F991BD4BF4900DFC3C0 /* QJErrorCode.h in Headers */,
				31C91FBD1BD5C6B500DFC3C0 /* QJServerConstants.h in Headers */,
				31C91FA51BD4D5B000DFC3C0 /* UIDevice-Hardware.h in Headers */,
				31C91FC01BD5C96600DFC3C0 /* QJHTTPManager.h in Headers */,
				31C91FA01BD4C6E600DFC3C0 /* QJHomeIndexObject.h in Headers */,
				31C91F971BD4BBCB00DFC3C0 /* QJCoreMacros.h in Headers */,
				31C91FC51BD5CBC700DFC3C0 /* QJUtils.h in Headers */,
				3176425C1BD3D96E000162FB /* AFURLRequestSerialization.h in Headers */,
				317642231BD3CC92000162FB /* QuanJingSDK.h in Headers */,
				3176424F1BD3D96E000162FB /* AFHTTPRequestOperation.h in Headers */,
				317642531BD3D96E000162FB /* AFHTTPSessionManager.h in Headers */,
				3176425A1BD3D96E000162FB /* AFURLConnectionOperation.h in Headers */,
				317642561BD3D96E000162FB /* AFNetworkReachabilityManager.h in Headers */,
				317642581BD3D96E000162FB /* AFSecurityPolicy.h in Headers */,
				317642511BD3D96E000162FB /* AFHTTPRequestOperationManager.h in Headers */,
				317642551BD3D96E000162FB /* AFNetworking.h in Headers */,
				3176425E1BD3D96E000162FB /* AFURLResponseSerialization.h in Headers */,
			);
			runOnlyForDeploymentPostprocessing = 0;
		};
/* End PBXHeadersBuildPhase section */

/* Begin PBXNativeTarget section */
		3176421E1BD3CC92000162FB /* QuanJingSDK */ = {
			isa = PBXNativeTarget;
			buildConfigurationList = 317642331BD3CC92000162FB /* Build configuration list for PBXNativeTarget "QuanJingSDK" */;
			buildPhases = (
				3176421A1BD3CC92000162FB /* Sources */,
				3176421B1BD3CC92000162FB /* Frameworks */,
				3176421C1BD3CC92000162FB /* Headers */,
				3176421D1BD3CC92000162FB /* Resources */,
			);
			buildRules = (
			);
			dependencies = (
			);
			name = QuanJingSDK;
			productName = QuanJingSDK;
			productReference = 3176421F1BD3CC92000162FB /* QuanJingSDK.framework */;
			productType = "com.apple.product-type.framework";
		};
		317642281BD3CC92000162FB /* QuanJingSDKTests */ = {
			isa = PBXNativeTarget;
			buildConfigurationList = 317642361BD3CC92000162FB /* Build configuration list for PBXNativeTarget "QuanJingSDKTests" */;
			buildPhases = (
				317642251BD3CC92000162FB /* Sources */,
				317642261BD3CC92000162FB /* Frameworks */,
				317642271BD3CC92000162FB /* Resources */,
			);
			buildRules = (
			);
			dependencies = (
				3176422C1BD3CC92000162FB /* PBXTargetDependency */,
			);
			name = QuanJingSDKTests;
			productName = QuanJingSDKTests;
			productReference = 317642291BD3CC92000162FB /* QuanJingSDKTests.xctest */;
			productType = "com.apple.product-type.bundle.unit-test";
		};
/* End PBXNativeTarget section */

/* Begin PBXProject section */
		317642161BD3CC92000162FB /* Project object */ = {
			isa = PBXProject;
			attributes = {
				LastUpgradeCheck = 0700;
				ORGANIZATIONNAME = QJ;
				TargetAttributes = {
					3176421E1BD3CC92000162FB = {
						CreatedOnToolsVersion = 7.0.1;
						DevelopmentTeam = T3BNK5WMQ7;
					};
					317642281BD3CC92000162FB = {
						CreatedOnToolsVersion = 7.0.1;
					};
				};
			};
			buildConfigurationList = 317642191BD3CC92000162FB /* Build configuration list for PBXProject "QuanJingSDK" */;
			compatibilityVersion = "Xcode 3.2";
			developmentRegion = English;
			hasScannedForEncodings = 0;
			knownRegions = (
				en,
			);
			mainGroup = 317642151BD3CC92000162FB;
			productRefGroup = 317642201BD3CC92000162FB /* Products */;
			projectDirPath = "";
			projectRoot = "";
			targets = (
				3176421E1BD3CC92000162FB /* QuanJingSDK */,
				317642281BD3CC92000162FB /* QuanJingSDKTests */,
			);
		};
/* End PBXProject section */

/* Begin PBXResourcesBuildPhase section */
		3176421D1BD3CC92000162FB /* Resources */ = {
			isa = PBXResourcesBuildPhase;
			buildActionMask = 2147483647;
			files = (
			);
			runOnlyForDeploymentPostprocessing = 0;
		};
		317642271BD3CC92000162FB /* Resources */ = {
			isa = PBXResourcesBuildPhase;
			buildActionMask = 2147483647;
			files = (
			);
			runOnlyForDeploymentPostprocessing = 0;
		};
/* End PBXResourcesBuildPhase section */

/* Begin PBXSourcesBuildPhase section */
		3176421A1BD3CC92000162FB /* Sources */ = {
			isa = PBXSourcesBuildPhase;
			buildActionMask = 2147483647;
			files = (
				317642681BD3DA5A000162FB /* QJInterfaceManager.m in Sources */,
				317642611BD3D96E000162FB /* AFURLSessionManager.m in Sources */,
				31C91FC11BD5C96600DFC3C0 /* QJHTTPManager.m in Sources */,
				31C91FBB1BD5C61700DFC3C0 /* QJPassport.m in Sources */,
				31C91F9D1BD4BF6000DFC3C0 /* QJErrorCode.m in Sources */,
				317642541BD3D96E000162FB /* AFHTTPSessionManager.m in Sources */,
				317642591BD3D96E000162FB /* AFSecurityPolicy.m in Sources */,
				31C91FAF1BD4E83A00DFC3C0 /* QJUser.m in Sources */,
				317642521BD3D96E000162FB /* AFHTTPRequestOperationManager.m in Sources */,
				31C91FB31BD5123500DFC3C0 /* QJImageObject.m in Sources */,
				31C91FB71BD518F300DFC3C0 /* QJImageCategory.m in Sources */,
				31C91FA61BD4D5B000DFC3C0 /* UIDevice-Hardware.m in Sources */,
				317642571BD3D96E000162FB /* AFNetworkReachabilityManager.m in Sources */,
				3176425B1BD3D96E000162FB /* AFURLConnectionOperation.m in Sources */,
				3176425D1BD3D96E000162FB /* AFURLRequestSerialization.m in Sources */,
				31C91FA11BD4C6E600DFC3C0 /* QJHomeIndexObject.m in Sources */,
				31C91FC61BD5CBC700DFC3C0 /* QJUtils.m in Sources */,
				3176425F1BD3D96E000162FB /* AFURLResponseSerialization.m in Sources */,
				317642501BD3D96E000162FB /* AFHTTPRequestOperation.m in Sources */,
			);
			runOnlyForDeploymentPostprocessing = 0;
		};
		317642251BD3CC92000162FB /* Sources */ = {
			isa = PBXSourcesBuildPhase;
			buildActionMask = 2147483647;
			files = (
				3176422F1BD3CC92000162FB /* QuanJingSDKTests.m in Sources */,
			);
			runOnlyForDeploymentPostprocessing = 0;
		};
/* End PBXSourcesBuildPhase section */

/* Begin PBXTargetDependency section */
		3176422C1BD3CC92000162FB /* PBXTargetDependency */ = {
			isa = PBXTargetDependency;
			target = 3176421E1BD3CC92000162FB /* QuanJingSDK */;
			targetProxy = 3176422B1BD3CC92000162FB /* PBXContainerItemProxy */;
		};
/* End PBXTargetDependency section */

/* Begin XCBuildConfiguration section */
		317642311BD3CC92000162FB /* Debug */ = {
			isa = XCBuildConfiguration;
			buildSettings = {
				ALWAYS_SEARCH_USER_PATHS = NO;
				CLANG_CXX_LANGUAGE_STANDARD = "gnu++0x";
				CLANG_CXX_LIBRARY = "libc++";
				CLANG_ENABLE_MODULES = YES;
				CLANG_ENABLE_OBJC_ARC = YES;
				CLANG_WARN_BOOL_CONVERSION = YES;
				CLANG_WARN_CONSTANT_CONVERSION = YES;
				CLANG_WARN_DIRECT_OBJC_ISA_USAGE = YES_ERROR;
				CLANG_WARN_EMPTY_BODY = YES;
				CLANG_WARN_ENUM_CONVERSION = YES;
				CLANG_WARN_INT_CONVERSION = YES;
				CLANG_WARN_OBJC_ROOT_CLASS = YES_ERROR;
				CLANG_WARN_UNREACHABLE_CODE = YES;
				CLANG_WARN__DUPLICATE_METHOD_MATCH = YES;
				"CODE_SIGN_IDENTITY[sdk=iphoneos*]" = "iPhone Developer";
				COPY_PHASE_STRIP = NO;
				CURRENT_PROJECT_VERSION = 1;
				DEBUG_INFORMATION_FORMAT = dwarf;
				ENABLE_STRICT_OBJC_MSGSEND = YES;
				ENABLE_TESTABILITY = YES;
				GCC_C_LANGUAGE_STANDARD = gnu99;
				GCC_DYNAMIC_NO_PIC = NO;
				GCC_NO_COMMON_BLOCKS = YES;
				GCC_OPTIMIZATION_LEVEL = 0;
				GCC_PREPROCESSOR_DEFINITIONS = (
					"DEBUG=1",
					"$(inherited)",
				);
				GCC_WARN_64_TO_32_BIT_CONVERSION = YES;
				GCC_WARN_ABOUT_RETURN_TYPE = YES_ERROR;
				GCC_WARN_UNDECLARED_SELECTOR = YES;
				GCC_WARN_UNINITIALIZED_AUTOS = YES_AGGRESSIVE;
				GCC_WARN_UNUSED_FUNCTION = YES;
				GCC_WARN_UNUSED_VARIABLE = YES;
				IPHONEOS_DEPLOYMENT_TARGET = 9.0;
				MTL_ENABLE_DEBUG_INFO = YES;
				ONLY_ACTIVE_ARCH = YES;
				SDKROOT = iphoneos;
				TARGETED_DEVICE_FAMILY = "1,2";
				VERSIONING_SYSTEM = "apple-generic";
				VERSION_INFO_PREFIX = "";
			};
			name = Debug;
		};
		317642321BD3CC92000162FB /* Release */ = {
			isa = XCBuildConfiguration;
			buildSettings = {
				ALWAYS_SEARCH_USER_PATHS = NO;
				CLANG_CXX_LANGUAGE_STANDARD = "gnu++0x";
				CLANG_CXX_LIBRARY = "libc++";
				CLANG_ENABLE_MODULES = YES;
				CLANG_ENABLE_OBJC_ARC = YES;
				CLANG_WARN_BOOL_CONVERSION = YES;
				CLANG_WARN_CONSTANT_CONVERSION = YES;
				CLANG_WARN_DIRECT_OBJC_ISA_USAGE = YES_ERROR;
				CLANG_WARN_EMPTY_BODY = YES;
				CLANG_WARN_ENUM_CONVERSION = YES;
				CLANG_WARN_INT_CONVERSION = YES;
				CLANG_WARN_OBJC_ROOT_CLASS = YES_ERROR;
				CLANG_WARN_UNREACHABLE_CODE = YES;
				CLANG_WARN__DUPLICATE_METHOD_MATCH = YES;
				"CODE_SIGN_IDENTITY[sdk=iphoneos*]" = "iPhone Developer";
				COPY_PHASE_STRIP = NO;
				CURRENT_PROJECT_VERSION = 1;
				DEBUG_INFORMATION_FORMAT = "dwarf-with-dsym";
				ENABLE_NS_ASSERTIONS = NO;
				ENABLE_STRICT_OBJC_MSGSEND = YES;
				GCC_C_LANGUAGE_STANDARD = gnu99;
				GCC_NO_COMMON_BLOCKS = YES;
				GCC_WARN_64_TO_32_BIT_CONVERSION = YES;
				GCC_WARN_ABOUT_RETURN_TYPE = YES_ERROR;
				GCC_WARN_UNDECLARED_SELECTOR = YES;
				GCC_WARN_UNINITIALIZED_AUTOS = YES_AGGRESSIVE;
				GCC_WARN_UNUSED_FUNCTION = YES;
				GCC_WARN_UNUSED_VARIABLE = YES;
				IPHONEOS_DEPLOYMENT_TARGET = 9.0;
				MTL_ENABLE_DEBUG_INFO = NO;
				SDKROOT = iphoneos;
				TARGETED_DEVICE_FAMILY = "1,2";
				VALIDATE_PRODUCT = YES;
				VERSIONING_SYSTEM = "apple-generic";
				VERSION_INFO_PREFIX = "";
			};
			name = Release;
		};
		317642341BD3CC92000162FB /* Debug */ = {
			isa = XCBuildConfiguration;
			buildSettings = {
				CODE_SIGN_IDENTITY = "iPhone Developer";
				"CODE_SIGN_IDENTITY[sdk=iphoneos*]" = "iPhone Developer";
				DEFINES_MODULE = YES;
				DYLIB_COMPATIBILITY_VERSION = 1;
				DYLIB_CURRENT_VERSION = 1;
				DYLIB_INSTALL_NAME_BASE = "@rpath";
				INFOPLIST_FILE = QuanJingSDK/Info.plist;
				INSTALL_PATH = "$(LOCAL_LIBRARY_DIR)/Frameworks";
				IPHONEOS_DEPLOYMENT_TARGET = 7.0;
				LD_RUNPATH_SEARCH_PATHS = "$(inherited) @executable_path/Frameworks @loader_path/Frameworks";
				PRODUCT_BUNDLE_IDENTIFIER = com.quanjing.QuanJingSDK;
				PRODUCT_NAME = "$(TARGET_NAME)";
				PROVISIONING_PROFILE = "";
				SKIP_INSTALL = YES;
			};
			name = Debug;
		};
		317642351BD3CC92000162FB /* Release */ = {
			isa = XCBuildConfiguration;
			buildSettings = {
				CODE_SIGN_IDENTITY = "iPhone Developer";
				"CODE_SIGN_IDENTITY[sdk=iphoneos*]" = "iPhone Developer";
				DEFINES_MODULE = YES;
				DYLIB_COMPATIBILITY_VERSION = 1;
				DYLIB_CURRENT_VERSION = 1;
				DYLIB_INSTALL_NAME_BASE = "@rpath";
				INFOPLIST_FILE = QuanJingSDK/Info.plist;
				INSTALL_PATH = "$(LOCAL_LIBRARY_DIR)/Frameworks";
				IPHONEOS_DEPLOYMENT_TARGET = 7.0;
				LD_RUNPATH_SEARCH_PATHS = "$(inherited) @executable_path/Frameworks @loader_path/Frameworks";
				PRODUCT_BUNDLE_IDENTIFIER = com.quanjing.QuanJingSDK;
				PRODUCT_NAME = "$(TARGET_NAME)";
				PROVISIONING_PROFILE = "";
				SKIP_INSTALL = YES;
			};
			name = Release;
		};
		317642371BD3CC92000162FB /* Debug */ = {
			isa = XCBuildConfiguration;
			buildSettings = {
				INFOPLIST_FILE = QuanJingSDKTests/Info.plist;
				LD_RUNPATH_SEARCH_PATHS = "$(inherited) @executable_path/Frameworks @loader_path/Frameworks";
				PRODUCT_BUNDLE_IDENTIFIER = com.quanjing.QuanJingSDKTests;
				PRODUCT_NAME = "$(TARGET_NAME)";
			};
			name = Debug;
		};
		317642381BD3CC92000162FB /* Release */ = {
			isa = XCBuildConfiguration;
			buildSettings = {
				INFOPLIST_FILE = QuanJingSDKTests/Info.plist;
				LD_RUNPATH_SEARCH_PATHS = "$(inherited) @executable_path/Frameworks @loader_path/Frameworks";
				PRODUCT_BUNDLE_IDENTIFIER = com.quanjing.QuanJingSDKTests;
				PRODUCT_NAME = "$(TARGET_NAME)";
			};
			name = Release;
		};
/* End XCBuildConfiguration section */

/* Begin XCConfigurationList section */
		317642191BD3CC92000162FB /* Build configuration list for PBXProject "QuanJingSDK" */ = {
			isa = XCConfigurationList;
			buildConfigurations = (
				317642311BD3CC92000162FB /* Debug */,
				317642321BD3CC92000162FB /* Release */,
			);
			defaultConfigurationIsVisible = 0;
			defaultConfigurationName = Release;
		};
		317642331BD3CC92000162FB /* Build configuration list for PBXNativeTarget "QuanJingSDK" */ = {
			isa = XCConfigurationList;
			buildConfigurations = (
				317642341BD3CC92000162FB /* Debug */,
				317642351BD3CC92000162FB /* Release */,
			);
			defaultConfigurationIsVisible = 0;
			defaultConfigurationName = Release;
		};
		317642361BD3CC92000162FB /* Build configuration list for PBXNativeTarget "QuanJingSDKTests" */ = {
			isa = XCConfigurationList;
			buildConfigurations = (
				317642371BD3CC92000162FB /* Debug */,
				317642381BD3CC92000162FB /* Release */,
			);
			defaultConfigurationIsVisible = 0;
			defaultConfigurationName = Release;
		};
/* End XCConfigurationList section */
	};
	rootObject = 317642161BD3CC92000162FB /* Project object */;
}
