PODS:
  - AFNetworking (1.3.4)
  - ALAssetsLibrary-CustomPhotoAlbum (1.1.5)
  - APAddressBook (0.0.10)
  - AutoCoding (2.2)
  - CocoaLumberjack (1.9.1):
    - CocoaLumberjack/Extensions
  - CocoaLumberjack/Core (1.9.1)
  - CocoaLumberjack/Extensions (1.9.1):
    - CocoaLumberjack/Core
  - EAMTextView (0.0.3)
  - FLKAutoLayout (0.1.1)
  - FontAwesome+iOS (0.1.1)
  - FontAwesomeKit (2.1.7):
    - FontAwesomeKit/Core
    - FontAwesomeKit/FontAwesome
    - FontAwesomeKit/FoundationIcons
    - FontAwesomeKit/IonIcons
    - FontAwesomeKit/Zocial
  - FontAwesomeKit/Core (2.1.7)
  - FontAwesomeKit/FontAwesome (2.1.7):
    - FontAwesomeKit/Core
  - FontAwesomeKit/FoundationIcons (2.1.7):
    - FontAwesomeKit/Core
  - FontAwesomeKit/IonIcons (2.1.7):
    - FontAwesomeKit/Core
  - FontAwesomeKit/Zocial (2.1.7):
    - FontAwesomeKit/Core
  - FXNotifications (1.1)
  - ISO8601DateFormatterValueTransformer (0.6.0):
    - RKValueTransformers (~> 1.1.0)
  - JBKenBurnsView (0.4)
  - JMStaticContentTableViewController (0.3.1)
  - KHFlatButton (1.0.0)
  - Lockbox (1.4.9)
  - MotionOrientation@PTEz (1.1.0)
  - NBUCore (2.0.2)
  - NBUImagePicker/Assets (1.3.1):
    - NBUImagePicker/Base
    - NBUKit (>= 2.2.0)
  - NBUImagePicker/Base (1.3.1):
    - NBUKit (>= 2.2.0)
  - NBUImagePicker/Camera (1.3.1):
    - NBUImagePicker/Assets
    - NBUKit (>= 2.2.0)
    - RBVolumeButtons
  - NBUImagePicker/Gallery (1.3.1):
    - NBUImagePicker/Assets
    - NBUImagePicker/MediaInfo
    - NBUKit (>= 2.2.0)
  - NBUImagePicker/Image (1.3.1):
    - NBUImagePicker/MediaInfo
    - NBUKit (>= 2.2.0)
  - NBUImagePicker/MediaInfo (1.3.1):
    - NBUImagePicker/Assets
    - NBUKit (>= 2.2.0)
  - NBUImagePicker/Picker (1.3.1):
    - NBUImagePicker/Camera
    - NBUImagePicker/Gallery
    - NBUImagePicker/Image
    - NBUImagePicker/Resources
    - NBUKit (>= 2.2.0)
  - NBUImagePicker/Resources (1.3.1):
    - NBUKit (>= 2.2.0)
  - NBUKit (2.2.2):
    - Lockbox (>= 1.4.6)
    - NBUCore (>= 2.0.2)
    - NBUKit/Additions
    - NBUKit/Base
    - NBUKit/Library
    - NBUKit/UI
  - NBUKit/Additions (2.2.2):
    - Lockbox (>= 1.4.6)
    - NBUCore (>= 2.0.2)
    - NBUKit/Base
  - NBUKit/Base (2.2.2):
    - Lockbox (>= 1.4.6)
    - NBUCore (>= 2.0.2)
  - NBUKit/Library (2.2.2):
    - Lockbox (>= 1.4.6)
    - NBUCore (>= 2.0.2)
    - NBUKit/Base
    - NBUKit/Library/NBUCompatibility
    - NBUKit/Library/RestKit Support
  - NBUKit/Library/NBUCompatibility (2.2.2):
    - Lockbox (>= 1.4.6)
    - NBUCore (>= 2.0.2)
    - NBUKit/Base
    - NBUKit/UI
  - NBUKit/Library/RestKit Support (2.2.2):
    - Lockbox (>= 1.4.6)
    - NBUCore (>= 2.0.2)
    - NBUKit/Base
  - NBUKit/UI (2.2.2):
    - Lockbox (>= 1.4.6)
    - MotionOrientation@PTEz (>= 1.1.0)
    - NBUCore (>= 2.0.2)
    - NBUKit/Additions
    - NBUKit/Library/NBUCompatibility
    - NBUKit/Library/RestKit Support
  - Nimbus/Core (1.2.0)
  - Nimbus/PagingScrollView (1.2.0):
    - Nimbus/Core
  - NSAttributedString+CCLFormat (1.0.1)
  - NSLayoutConstraint+ExpressionFormat (0.1.0)
  - NSObject+AssociatedDictionary (1.0)
  - NSTimer-Blocks (0.0.1)
  - NYSegmentedControl (1.0.3)
  - PinYin4Objc (1.1.1)
  - QBFlatButton (1.1)
  - RBVolumeButtons (0.0.1)
  - REFormattedNumberField (1.1.4)
  - REMenu (1.8.5)
  - RestKit (0.23.1):
    - RestKit/Core
  - RestKit/Core (0.23.1):
    - RestKit/CoreData
    - RestKit/Network
    - RestKit/ObjectMapping
  - RestKit/CoreData (0.23.1):
    - RestKit/ObjectMapping
  - RestKit/Network (0.23.1):
    - AFNetworking (~> 1.3.0)
    - RestKit/ObjectMapping
    - RestKit/Support
    - SOCKit
  - RestKit/ObjectMapping (0.23.1):
    - ISO8601DateFormatterValueTransformer (~> 0.6.0)
    - RestKit/Support
    - RKValueTransformers (~> 1.1.0)
  - RestKit/Support (0.23.1):
    - TransitionKit (= 2.1.0)
  - RETableViewManager (1.5.10):
    - REFormattedNumberField (~> 1.1.2)
    - REValidation (~> 0.1.4)
  - REValidation (0.1.4)
  - RKValueTransformers (1.1.0)
  - SDWebImage (3.6.0):
    - SDWebImage/Core
  - SDWebImage/Core (3.6.0)
  - SHBarButtonItemBlocks (1.2.0)
  - SIAlertView (1.3)
  - SOCKit (1.1)
  - SVProgressHUD (1.0)
  - SVPullToRefresh (0.4.1)
  - TransformerKit (0.5.1):
    - TransformerKit/Core
    - TransformerKit/Cryptography
    - TransformerKit/Data
    - TransformerKit/Date
    - TransformerKit/Image
    - TransformerKit/JSON
    - TransformerKit/String
  - TransformerKit/Core (0.5.1)
  - TransformerKit/Cryptography (0.5.1):
    - TransformerKit/Core
  - TransformerKit/Data (0.5.1):
    - TransformerKit/Core
  - TransformerKit/Date (0.5.1):
    - TransformerKit/Core
  - TransformerKit/Image (0.5.1):
    - TransformerKit/Core
  - TransformerKit/JSON (0.5.1):
    - TransformerKit/Core
  - TransformerKit/String (0.5.1):
    - TransformerKit/Core
  - TransitionKit (2.1.0)
  - TTTAttributedLabel (1.10.1)
  - UIActionSheet-Blocks (1.0.1)
  - UIColor-HexString (1.1.0)
  - UIImage+Dummy (0.0.2)
  - UIImage+RTTint (1.0.0)
  - UISearchBar-Blocks (1.0.0)
  - UIView+Positioning (1.0.1)
  - WYPopoverController (0.2.2)

DEPENDENCIES:
  - ALAssetsLibrary-CustomPhotoAlbum
  - APAddressBook
  - AutoCoding
  - CocoaLumberjack
  - EAMTextView
  - FLKAutoLayout
  - FontAwesome+iOS
  - FontAwesomeKit
  - FXNotifications
  - JBKenBurnsView (from `https://github.com/mystersu/JBKenBurns.git`)
  - JMStaticContentTableViewController
  - KHFlatButton
  - NBUImagePicker/Picker
  - Nimbus/PagingScrollView
  - NSAttributedString+CCLFormat
  - NSLayoutConstraint+ExpressionFormat
  - NSObject+AssociatedDictionary
  - NSTimer-Blocks
  - NYSegmentedControl
  - PinYin4Objc
  - QBFlatButton (~> 1.1)
  - REMenu
  - RestKit
  - RETableViewManager
  - SDWebImage (from `https://github.com/mystersu/SDWebImage.git`)
  - SHBarButtonItemBlocks
  - SIAlertView
  - SVProgressHUD
  - SVPullToRefresh
  - TransformerKit
  - TTTAttributedLabel
  - UIActionSheet-Blocks
  - UIColor-HexString
  - UIImage+Dummy
  - UIImage+RTTint
  - UISearchBar-Blocks
  - UIView+Positioning
  - WYPopoverController

EXTERNAL SOURCES:
  JBKenBurnsView:
    :git: https://github.com/mystersu/JBKenBurns.git
  SDWebImage:
    :git: https://github.com/mystersu/SDWebImage.git

SPEC CHECKSUMS:
  AFNetworking: 80c4e0652b08eb34e25b9c0ff3c82556fe5967b4
  ALAssetsLibrary-CustomPhotoAlbum: 785e1852efacd51235dd8dd19a8a467196fdeafa
  APAddressBook: d176555d6b845a3c900f3f3c3787c1b98d83151d
  AutoCoding: 2a15d57acf78912b72cc3b3a472e614b2f112a18
  CocoaLumberjack: 94accd5749f5c5d15134c8d50f34a973aed8ef69
  EAMTextView: d4b6c5441c80c9b91be4e970c43270ead75ab7ab
  FLKAutoLayout: 9fa39aac2903b274fbeed6be74154cdb937a04fc
  FontAwesome+iOS: 3c574273fb301c2e0a88f983551562bf8768b623
  FontAwesomeKit: af6eef70d23986349284d2feb4e959459621587d
  FXNotifications: 5db44d7207427f45c8a9c6d6cad70291a08296d7
  ISO8601DateFormatterValueTransformer: a705384ea6531255258e25b6480ba1180db703a0
  JBKenBurnsView: c85a68a453db5280ab5e9c5f4891d9cfc1ab0e4b
  JMStaticContentTableViewController: be138bbff638f6b8763ec828dacac574efbe9640
  KHFlatButton: 6c5bbda93a51f395a89bc7d207dd696e8a9a7bb1
  Lockbox: cfe87dbbce6b5c6d7cfeefc3fe6594ef55919b11
  MotionOrientation@PTEz: ec58ced639faa14d30e63db9ef5cba8ded38b3b5
  NBUCore: 040cd60a1407bffd3dd6141b2b467125fe1631fa
  NBUImagePicker: 694031e181213872d290c84a29747de2627f4501
  NBUKit: dd9dd5f02a23a3faf1208b17c818a9c199fed559
  Nimbus: 14fd6f034c5f53d3dccef6cfd5763959497289a9
  NSAttributedString+CCLFormat: 2a86edf8354db227bb3964c12b5f9572bab512f2
  NSLayoutConstraint+ExpressionFormat: eb426d9a588a7c38c9a23c9a507bde39f2581677
  NSObject+AssociatedDictionary: 53155f42c98b4e55d7485cd42b1867eb9def7f63
  NSTimer-Blocks: 0a653b84ab33068a085f5c03c82c18be1f61eba9
  NYSegmentedControl: 74094b886a80bfc4e9f6d415601e9b11797b22b7
  PinYin4Objc: b095ffd2a20e8e591abe7af262dfc8892549e09e
  QBFlatButton: 5fcc26fe56e34cbae7c9de53aec38463f980c76e
  RBVolumeButtons: 3459ff6acd65b1e12c66321610558d5f13bd3bb4
  REFormattedNumberField: 73fc04771520498a30889a975ec9c1b293059b0e
  REMenu: e1512b09121d3f8fd9bb533423ac467675eef95c
  RestKit: 0b5f1bbc43b81beba158262a1adae48ac062eb1e
  RETableViewManager: 534104717ea10a71b203e80ee0dd3c4c79648be3
  REValidation: a0033a582415848854e875dfcbe69c107de19f81
  RKValueTransformers: b705e7b4651b9206b94600408462b74554bba969
  SDWebImage: 2746689bbc60f5aa540eeb160e152da81e6a2d2c
  SHBarButtonItemBlocks: 0964c942a7cec18ff2bcbd7fcb8ec7f83339a147
  SIAlertView: d00609a1faa9d82f17b9f0b4eede64e84a577b10
  SOCKit: d8d0dd3688ae1026c12367570da8fa8e1a6980fb
  SVProgressHUD: 5034c6e22b8c2ca3e09402e48d41ed0340aa1c50
  SVPullToRefresh: d5161ebc833a38b465364412e5e307ca80bbb190
  TransformerKit: 1e079816ad1f0a2f4b2197b08ab84ded23266a11
  TransitionKit: 6a6f3ddda38ae758778aa889dcb930e4f8d64edc
  TTTAttributedLabel: 94bb04f1e005616002dd2cee0262a0082e533627
  UIActionSheet-Blocks: 4daef0266faf82ae34f6c2b6428a29709d93c512
  UIColor-HexString: a9eabf02c1a2f9036ed6ac9cb2a3ea086f3b39e4
  UIImage+Dummy: d7b13f675eab7d9086b7b40fd4b5369abb8c62a0
  UIImage+RTTint: 6ce8073821eafc53fef7dd6222621e9fcb3138a3
  UISearchBar-Blocks: a0e21413b0e18c3ad6b17e741218efe8eb3b4454
  UIView+Positioning: 870af80983bf495af2cb8a3a15b20e26fcc57ebb
  WYPopoverController: c233d69fdfd5c7e316b481df1060624d7a9e629d

COCOAPODS: 0.33.1
